// !$*UTF8*$!
{
	archiveVersion = 1;
	classes = {
	};
	objectVersion = 46;
	objects = {

/* Begin PBXBuildFile section */
		5EBA0F5A1B66620C00747BCA /* main.m in Sources */ = {isa = PBXBuildFile; fileRef = 5EBA0F591B66620C00747BCA /* main.m */; };
		5EBA0F5D1B66620C00747BCA /* AppDelegate.m in Sources */ = {isa = PBXBuildFile; fileRef = 5EBA0F5C1B66620C00747BCA /* AppDelegate.m */; };
		5EBA0F601B66620C00747BCA /* ViewController.m in Sources */ = {isa = PBXBuildFile; fileRef = 5EBA0F5F1B66620C00747BCA /* ViewController.m */; };
		5EBA0F631B66620C00747BCA /* Main.storyboard in Resources */ = {isa = PBXBuildFile; fileRef = 5EBA0F611B66620C00747BCA /* Main.storyboard */; };
		5EBA0F651B66620C00747BCA /* Assets.xcassets in Resources */ = {isa = PBXBuildFile; fileRef = 5EBA0F641B66620C00747BCA /* Assets.xcassets */; };
		5EBA0F681B66620C00747BCA /* LaunchScreen.storyboard in Resources */ = {isa = PBXBuildFile; fileRef = 5EBA0F661B66620C00747BCA /* LaunchScreen.storyboard */; };
		5EBA0F701B6662EB00747BCA /* MyCustomCell.xib in Resources */ = {isa = PBXBuildFile; fileRef = 5EBA0F6F1B6662EB00747BCA /* MyCustomCell.xib */; };
		5EBA0F731B66635E00747BCA /* MyCustomCell.m in Sources */ = {isa = PBXBuildFile; fileRef = 5EBA0F721B66635E00747BCA /* MyCustomCell.m */; };
/* End PBXBuildFile section */

/* Begin PBXFileReference section */
		5EBA0F551B66620C00747BCA /* CustomCellXcode.app */ = {isa = PBXFileReference; explicitFileType = wrapper.application; includeInIndex = 0; path = CustomCellXcode.app; sourceTree = BUILT_PRODUCTS_DIR; };
		5EBA0F591B66620C00747BCA /* main.m */ = {isa = PBXFileReference; lastKnownFileType = sourcecode.c.objc; path = main.m; sourceTree = "<group>"; };
		5EBA0F5B1B66620C00747BCA /* AppDelegate.h */ = {isa = PBXFileReference; lastKnownFileType = sourcecode.c.h; path = AppDelegate.h; sourceTree = "<group>"; };
		5EBA0F5C1B66620C00747BCA /* AppDelegate.m */ = {isa = PBXFileReference; lastKnownFileType = sourcecode.c.objc; path = AppDelegate.m; sourceTree = "<group>"; };
		5EBA0F5E1B66620C00747BCA /* ViewController.h */ = {isa = PBXFileReference; lastKnownFileType = sourcecode.c.h; path = ViewController.h; sourceTree = "<group>"; };
		5EBA0F5F1B66620C00747BCA /* ViewController.m */ = {isa = PBXFileReference; lastKnownFileType = sourcecode.c.objc; path = ViewController.m; sourceTree = "<group>"; };
		5EBA0F621B66620C00747BCA /* Base */ = {isa = PBXFileReference; lastKnownFileType = file.storyboard; name = Base; path = Base.lproj/Main.storyboard; sourceTree = "<group>"; };
		5EBA0F641B66620C00747BCA /* Assets.xcassets */ = {isa = PBXFileReference; lastKnownFileType = folder.assetcatalog; path = Assets.xcassets; sourceTree = "<group>"; };
		5EBA0F671B66620C00747BCA /* Base */ = {isa = PBXFileReference; lastKnownFileType = file.storyboard; name = Base; path = Base.lproj/LaunchScreen.storyboard; sourceTree = "<group>"; };
		5EBA0F691B66620C00747BCA /* Info.plist */ = {isa = PBXFileReference; lastKnownFileType = text.plist.xml; path = Info.plist; sourceTree = "<group>"; };
		5EBA0F6F1B6662EB00747BCA /* MyCustomCell.xib */ = {isa = PBXFileReference; fileEncoding = 4; lastKnownFileType = file.xib; path = MyCustomCell.xib; sourceTree = "<group>"; };
		5EBA0F711B66635E00747BCA /* MyCustomCell.h */ = {isa = PBXFileReference; fileEncoding = 4; lastKnownFileType = sourcecode.c.h; path = MyCustomCell.h; sourceTree = "<group>"; };
		5EBA0F721B66635E00747BCA /* MyCustomCell.m */ = {isa = PBXFileReference; fileEncoding = 4; lastKnownFileType = sourcecode.c.objc; path = MyCustomCell.m; sourceTree = "<group>"; };
/* End PBXFileReference section */

/* Begin PBXFrameworksBuildPhase section */
		5EBA0F521B66620C00747BCA /* Frameworks */ = {
			isa = PBXFrameworksBuildPhase;
			buildActionMask = 2147483647;
			files = (
			);
			runOnlyForDeploymentPostprocessing = 0;
		};
/* End PBXFrameworksBuildPhase section */

/* Begin PBXGroup section */
		5EBA0F4C1B66620C00747BCA = {
			isa = PBXGroup;
			children = (
				5EBA0F571B66620C00747BCA /* CustomCellXcode */,
				5EBA0F561B66620C00747BCA /* Products */,
			);
			sourceTree = "<group>";
		};
		5EBA0F561B66620C00747BCA /* Products */ = {
			isa = PBXGroup;
			children = (
				5EBA0F551B66620C00747BCA /* CustomCellXcode.app */,
			);
			name = Products;
			sourceTree = "<group>";
		};
		5EBA0F571B66620C00747BCA /* CustomCellXcode */ = {
			isa = PBXGroup;
			children = (
				5EBA0F5B1B66620C00747BCA /* AppDelegate.h */,
				5EBA0F5C1B66620C00747BCA /* AppDelegate.m */,
				5EBA0F5E1B66620C00747BCA /* ViewController.h */,
				5EBA0F5F1B66620C00747BCA /* ViewController.m */,
				5EBA0F611B66620C00747BCA /* Main.storyboard */,
				5EBA0F641B66620C00747BCA /* Assets.xcassets */,
				5EBA0F661B66620C00747BCA /* LaunchScreen.storyboard */,
				5EBA0F691B66620C00747BCA /* Info.plist */,
				5EBA0F581B66620C00747BCA /* Supporting Files */,
				5EBA0F6F1B6662EB00747BCA /* MyCustomCell.xib */,
				5EBA0F711B66635E00747BCA /* MyCustomCell.h */,
				5EBA0F721B66635E00747BCA /* MyCustomCell.m */,
			);
			path = CustomCellXcode;
			sourceTree = "<group>";
		};
		5EBA0F581B66620C00747BCA /* Supporting Files */ = {
			isa = PBXGroup;
			children = (
				5EBA0F591B66620C00747BCA /* main.m */,
			);
			name = "Supporting Files";
			sourceTree = "<group>";
		};
/* End PBXGroup section */

/* Begin PBXNativeTarget section */
		5EBA0F541B66620C00747BCA /* CustomCellXcode */ = {
			isa = PBXNativeTarget;
			buildConfigurationList = 5EBA0F6C1B66620C00747BCA /* Build configuration list for PBXNativeTarget "CustomCellXcode" */;
			buildPhases = (
				5EBA0F511B66620C00747BCA /* Sources */,
				5EBA0F521B66620C00747BCA /* Frameworks */,
				5EBA0F531B66620C00747BCA /* Resources */,
			);
			buildRules = (
			);
			dependencies = (
			);
			name = CustomCellXcode;
			productName = CustomCellXcode;
			productReference = 5EBA0F551B66620C00747BCA /* CustomCellXcode.app */;
			productType = "com.apple.product-type.application";
		};
/* End PBXNativeTarget section */

/* Begin PBXProject section */
		5EBA0F4D1B66620C00747BCA /* Project object */ = {
			isa = PBXProject;
			attributes = {
				LastUpgradeCheck = 0700;
				ORGANIZATIONNAME = Rustam;
				TargetAttributes = {
					5EBA0F541B66620C00747BCA = {
						CreatedOnToolsVersion = 7.0;
					};
				};
			};
			buildConfigurationList = 5EBA0F501B66620C00747BCA /* Build configuration list for PBXProject "CustomCellXcode" */;
			compatibilityVersion = "Xcode 3.2";
			developmentRegion = English;
			hasScannedForEncodings = 0;
			knownRegions = (
				en,
				Base,
			);
			mainGroup = 5EBA0F4C1B66620C00747BCA;
			productRefGroup = 5EBA0F561B66620C00747BCA /* Products */;
			projectDirPath = "";
			projectRoot = "";
			targets = (
				5EBA0F541B66620C00747BCA /* CustomCellXcode */,
			);
		};
/* End PBXProject section */

/* Begin PBXResourcesBuildPhase section */
		5EBA0F531B66620C00747BCA /* Resources */ = {
			isa = PBXResourcesBuildPhase;
			buildActionMask = 2147483647;
			files = (
				5EBA0F681B66620C00747BCA /* LaunchScreen.storyboard in Resources */,
				5EBA0F651B66620C00747BCA /* Assets.xcassets in Resources */,
				5EBA0F701B6662EB00747BCA /* MyCustomCell.xib in Resources */,
				5EBA0F631B66620C00747BCA /* Main.storyboard in Resources */,
			);
			runOnlyForDeploymentPostprocessing = 0;
		};
/* End PBXResourcesBuildPhase section */

/* Begin PBXSourcesBuildPhase section */
		5EBA0F511B66620C00747BCA /* Sources */ = {
			isa = PBXSourcesBuildPhase;
			buildActionMask = 2147483647;
			files = (
				5EBA0F601B66620C00747BCA /* ViewController.m in Sources */,
				5EBA0F5D1B66620C00747BCA /* AppDelegate.m in Sources */,
				5EBA0F731B66635E00747BCA /* MyCustomCell.m in Sources */,
				5EBA0F5A1B66620C00747BCA /* main.m in Sources */,
			);
			runOnlyForDeploymentPostprocessing = 0;
		};
/* End PBXSourcesBuildPhase section */

/* Begin PBXVariantGroup section */
		5EBA0F611B66620C00747BCA /* Main.storyboard */ = {
			isa = PBXVariantGroup;
			children = (
				5EBA0F621B66620C00747BCA /* Base */,
			);
			name = Main.storyboard;
			sourceTree = "<group>";
		};
		5EBA0F661B66620C00747BCA /* LaunchScreen.storyboard */ = {
			isa = PBXVariantGroup;
			children = (
				5EBA0F671B66620C00747BCA /* Base */,
			);
			name = LaunchScreen.storyboard;
			sourceTree = "<group>";
		};
/* End PBXVariantGroup section */

/* Begin XCBuildConfiguration section */
		5EBA0F6A1B66620C00747BCA /* Debug */ = {
			isa = XCBuildConfiguration;
			buildSettings = {
				ALWAYS_SEARCH_USER_PATHS = NO;
				CLANG_CXX_LANGUAGE_STANDARD = "gnu++0x";
				CLANG_CXX_LIBRARY = "libc++";
				CLANG_ENABLE_MODULES = YES;
				CLANG_ENABLE_OBJC_ARC = YES;
				CLANG_WARN_BOOL_CONVERSION = YES;
				CLANG_WARN_CONSTANT_CONVERSION = YES;
				CLANG_WARN_DIRECT_OBJC_ISA_USAGE = YES_ERROR;
				CLANG_WARN_EMPTY_BODY = YES;
				CLANG_WARN_ENUM_CONVERSION = YES;
				CLANG_WARN_INT_CONVERSION = YES;
				CLANG_WARN_OBJC_ROOT_CLASS = YES_ERROR;
				CLANG_WARN_UNREACHABLE_CODE = YES;
				CLANG_WARN__DUPLICATE_METHOD_MATCH = YES;
				"CODE_SIGN_IDENTITY[sdk=iphoneos*]" = "iPhone Developer";
				COPY_PHASE_STRIP = NO;
				DEBUG_INFORMATION_FORMAT = dwarf;
				ENABLE_STRICT_OBJC_MSGSEND = YES;
				ENABLE_TESTABILITY = YES;
				GCC_C_LANGUAGE_STANDARD = gnu99;
				GCC_DYNAMIC_NO_PIC = NO;
				GCC_NO_COMMON_BLOCKS = YES;
				GCC_OPTIMIZATION_LEVEL = 0;
				GCC_PREPROCESSOR_DEFINITIONS = (
					"DEBUG=1",
					"$(inherited)",
				);
				GCC_WARN_64_TO_32_BIT_CONVERSION = YES;
				GCC_WARN_ABOUT_RETURN_TYPE = YES_ERROR;
				GCC_WARN_UNDECLARED_SELECTOR = YES;
				GCC_WARN_UNINITIALIZED_AUTOS = YES_AGGRESSIVE;
				GCC_WARN_UNUSED_FUNCTION = YES;
				GCC_WARN_UNUSED_VARIABLE = YES;
				IPHONEOS_DEPLOYMENT_TARGET = 9.0;
				MTL_ENABLE_DEBUG_INFO = YES;
				ONLY_ACTIVE_ARCH = YES;
				SDKROOT = iphoneos;
				TARGETED_DEVICE_FAMILY = "1,2";
			};
			name = Debug;
		};
		5EBA0F6B1B66620C00747BCA /* Release */ = {
			isa = XCBuildConfiguration;
			buildSettings = {
				ALWAYS_SEARCH_USER_PATHS = NO;
				CLANG_CXX_LANGUAGE_STANDARD = "gnu++0x";
				CLANG_CXX_LIBRARY = "libc++";
				CLANG_ENABLE_MODULES = YES;
				CLANG_ENABLE_OBJC_ARC = YES;
				CLANG_WARN_BOOL_CONVERSION = YES;
				CLANG_WARN_CONSTANT_CONVERSION = YES;
				CLANG_WARN_DIRECT_OBJC_ISA_USAGE = YES_ERROR;
				CLANG_WARN_EMPTY_BODY = YES;
				CLANG_WARN_ENUM_CONVERSION = YES;
				CLANG_WARN_INT_CONVERSION = YES;
				CLANG_WARN_OBJC_ROOT_CLASS = YES_ERROR;
				CLANG_WARN_UNREACHABLE_CODE = YES;
				CLANG_WARN__DUPLICATE_METHOD_MATCH = YES;
				"CODE_SIGN_IDENTITY[sdk=iphoneos*]" = "iPhone Developer";
				COPY_PHASE_STRIP = NO;
				DEBUG_INFORMATION_FORMAT = "dwarf-with-dsym";
				ENABLE_NS_ASSERTIONS = NO;
				ENABLE_STRICT_OBJC_MSGSEND = YES;
				GCC_C_LANGUAGE_STANDARD = gnu99;
				GCC_NO_COMMON_BLOCKS = YES;
				GCC_WARN_64_TO_32_BIT_CONVERSION = YES;
				GCC_WARN_ABOUT_RETURN_TYPE = YES_ERROR;
				GCC_WARN_UNDECLARED_SELECTOR = YES;
				GCC_WARN_UNINITIALIZED_AUTOS = YES_AGGRESSIVE;
				GCC_WARN_UNUSED_FUNCTION = YES;
				GCC_WARN_UNUSED_VARIABLE = YES;
				IPHONEOS_DEPLOYMENT_TARGET = 9.0;
				MTL_ENABLE_DEBUG_INFO = NO;
				SDKROOT = iphoneos;
				TARGETED_DEVICE_FAMILY = "1,2";
				VALIDATE_PRODUCT = YES;
			};
			name = Release;
		};
		5EBA0F6D1B66620C00747BCA /* Debug */ = {
			isa = XCBuildConfiguration;
			buildSettings = {
				ASSETCATALOG_COMPILER_APPICON_NAME = AppIcon;
				INFOPLIST_FILE = CustomCellXcode/Info.plist;
				LD_RUNPATH_SEARCH_PATHS = "$(inherited) @executable_path/Frameworks";
				PRODUCT_BUNDLE_IDENTIFIER = xamarin.CustomCellXcode;
				PRODUCT_NAME = "$(TARGET_NAME)";
			};
			name = Debug;
		};
		5EBA0F6E1B66620C00747BCA /* Release */ = {
			isa = XCBuildConfiguration;
			buildSettings = {
				ASSETCATALOG_COMPILER_APPICON_NAME = AppIcon;
				INFOPLIST_FILE = CustomCellXcode/Info.plist;
				LD_RUNPATH_SEARCH_PATHS = "$(inherited) @executable_path/Frameworks";
				PRODUCT_BUNDLE_IDENTIFIER = xamarin.CustomCellXcode;
				PRODUCT_NAME = "$(TARGET_NAME)";
			};
			name = Release;
		};
/* End XCBuildConfiguration section */

/* Begin XCConfigurationList section */
		5EBA0F501B66620C00747BCA /* Build configuration list for PBXProject "CustomCellXcode" */ = {
			isa = XCConfigurationList;
			buildConfigurations = (
				5EBA0F6A1B66620C00747BCA /* Debug */,
				5EBA0F6B1B66620C00747BCA /* Release */,
			);
			defaultConfigurationIsVisible = 0;
			defaultConfigurationName = Release;
		};
		5EBA0F6C1B66620C00747BCA /* Build configuration list for PBXNativeTarget "CustomCellXcode" */ = {
			isa = XCConfigurationList;
			buildConfigurations = (
				5EBA0F6D1B66620C00747BCA /* Debug */,
				5EBA0F6E1B66620C00747BCA /* Release */,
			);
			defaultConfigurationIsVisible = 0;
		};
/* End XCConfigurationList section */
	};
	rootObject = 5EBA0F4D1B66620C00747BCA /* Project object */;
}
