
Microsoft Visual Studio Solution File, Format Version 12.00
# Visual Studio 2013
VisualStudioVersion = 12.0.31101.0
MinimumVisualStudioVersion = 10.0.40219.1
Project("{FAE04EC0-301F-11D3-BF4B-00C04F79EFBC}") = "XibSupport", "XibSupport\XibSupport.csproj", "{0031CB14-FB7C-4D65-9079-A3ADE89764C7}"
EndProject
Global
	GlobalSection(SolutionConfigurationPlatforms) = preSolution
		Ad-Hoc|iPhone = Ad-Hoc|iPhone
		Ad-Hoc|iPhoneSimulator = Ad-Hoc|iPhoneSimulator
		AppStore|iPhone = AppStore|iPhone
		AppStore|iPhoneSimulator = AppStore|iPhoneSimulator
		Debug|iPhone = Debug|iPhone
		Debug|iPhoneSimulator = Debug|iPhoneSimulator
		Release|iPhone = Release|iPhone
		Release|iPhoneSimulator = Release|iPhoneSimulator
	EndGlobalSection
	GlobalSection(ProjectConfigurationPlatforms) = postSolution
		{0031CB14-FB7C-4D65-9079-A3ADE89764C7}.Ad-Hoc|iPhone.ActiveCfg = Ad-Hoc|iPhone
		{0031CB14-FB7C-4D65-9079-A3ADE89764C7}.Ad-Hoc|iPhone.Build.0 = Ad-Hoc|iPhone
		{0031CB14-FB7C-4D65-9079-A3ADE89764C7}.Ad-Hoc|iPhoneSimulator.ActiveCfg = Ad-Hoc|iPhoneSimulator
		{0031CB14-FB7C-4D65-9079-A3ADE89764C7}.Ad-Hoc|iPhoneSimulator.Build.0 = Ad-Hoc|iPhoneSimulator
		{0031CB14-FB7C-4D65-9079-A3ADE89764C7}.AppStore|iPhone.ActiveCfg = AppStore|iPhone
		{0031CB14-FB7C-4D65-9079-A3ADE89764C7}.AppStore|iPhone.Build.0 = AppStore|iPhone
		{0031CB14-FB7C-4D65-9079-A3ADE89764C7}.AppStore|iPhoneSimulator.ActiveCfg = AppStore|iPhoneSimulator
		{0031CB14-FB7C-4D65-9079-A3ADE89764C7}.AppStore|iPhoneSimulator.Build.0 = AppStore|iPhoneSimulator
		{0031CB14-FB7C-4D65-9079-A3ADE89764C7}.Debug|iPhone.ActiveCfg = Debug|iPhone
		{0031CB14-FB7C-4D65-9079-A3ADE89764C7}.Debug|iPhone.Build.0 = Debug|iPhone
		{0031CB14-FB7C-4D65-9079-A3ADE89764C7}.Debug|iPhoneSimulator.ActiveCfg = Debug|iPhoneSimulator
		{0031CB14-FB7C-4D65-9079-A3ADE89764C7}.Debug|iPhoneSimulator.Build.0 = Debug|iPhoneSimulator
		{0031CB14-FB7C-4D65-9079-A3ADE89764C7}.Release|iPhone.ActiveCfg = Release|iPhone
		{0031CB14-FB7C-4D65-9079-A3ADE89764C7}.Release|iPhone.Build.0 = Release|iPhone
		{0031CB14-FB7C-4D65-9079-A3ADE89764C7}.Release|iPhoneSimulator.ActiveCfg = Release|iPhoneSimulator
		{0031CB14-FB7C-4D65-9079-A3ADE89764C7}.Release|iPhoneSimulator.Build.0 = Release|iPhoneSimulator
	EndGlobalSection
	GlobalSection(SolutionProperties) = preSolution
		HideSolutionNode = FALSE
	EndGlobalSection
EndGlobal
