
Microsoft Visual Studio Solution File, Format Version 12.00
# Visual Studio 2012
Project("{FAE04EC0-301F-11D3-BF4B-00C04F79EFBC}") = "CGRectIssue", "CGRectIssue\CGRectIssue.csproj", "{F740ED69-8B44-4E4A-9CC7-27FB5A2B85EF}"
EndProject
Global
	GlobalSection(SolutionConfigurationPlatforms) = preSolution
		Debug|iPhoneSimulator = Debug|iPhoneSimulator
		Release|iPhone = Release|iPhone
		Release|iPhoneSimulator = Release|iPhoneSimulator
		Debug|iPhone = Debug|iPhone
	EndGlobalSection
	GlobalSection(ProjectConfigurationPlatforms) = postSolution
		{F740ED69-8B44-4E4A-9CC7-27FB5A2B85EF}.Debug|iPhoneSimulator.ActiveCfg = Debug|iPhoneSimulator
		{F740ED69-8B44-4E4A-9CC7-27FB5A2B85EF}.Debug|iPhoneSimulator.Build.0 = Debug|iPhoneSimulator
		{F740ED69-8B44-4E4A-9CC7-27FB5A2B85EF}.Release|iPhone.ActiveCfg = Release|iPhone
		{F740ED69-8B44-4E4A-9CC7-27FB5A2B85EF}.Release|iPhone.Build.0 = Release|iPhone
		{F740ED69-8B44-4E4A-9CC7-27FB5A2B85EF}.Release|iPhoneSimulator.ActiveCfg = Release|iPhoneSimulator
		{F740ED69-8B44-4E4A-9CC7-27FB5A2B85EF}.Release|iPhoneSimulator.Build.0 = Release|iPhoneSimulator
		{F740ED69-8B44-4E4A-9CC7-27FB5A2B85EF}.Debug|iPhone.ActiveCfg = Debug|iPhone
		{F740ED69-8B44-4E4A-9CC7-27FB5A2B85EF}.Debug|iPhone.Build.0 = Debug|iPhone
	EndGlobalSection
EndGlobal
