
Microsoft Visual Studio Solution File, Format Version 12.00
# Visual Studio 2012
Project("{FAE04EC0-301F-11D3-BF4B-00C04F79EFBC}") = "Client", "Client\Client.csproj", "{2808547A-4650-44E3-84BE-F18EDDDAED1C}"
EndProject
Project("{FAE04EC0-301F-11D3-BF4B-00C04F79EFBC}") = "JustSingleLibrary", "Library\JustSingleLibrary.csproj", "{CEB5A0A1-577A-4860-A4C1-41669B668A2F}"
EndProject
Global
	GlobalSection(SolutionConfigurationPlatforms) = preSolution
		Debug|Any CPU = Debug|Any CPU
		Release|Any CPU = Release|Any CPU
	EndGlobalSection
	GlobalSection(ProjectConfigurationPlatforms) = postSolution
		{2808547A-4650-44E3-84BE-F18EDDDAED1C}.Debug|Any CPU.ActiveCfg = Debug|Any CPU
		{2808547A-4650-44E3-84BE-F18EDDDAED1C}.Debug|Any CPU.Build.0 = Debug|Any CPU
		{2808547A-4650-44E3-84BE-F18EDDDAED1C}.Release|Any CPU.ActiveCfg = Release|Any CPU
		{2808547A-4650-44E3-84BE-F18EDDDAED1C}.Release|Any CPU.Build.0 = Release|Any CPU
		{CEB5A0A1-577A-4860-A4C1-41669B668A2F}.Debug|Any CPU.ActiveCfg = Debug|Any CPU
		{CEB5A0A1-577A-4860-A4C1-41669B668A2F}.Debug|Any CPU.Build.0 = Debug|Any CPU
		{CEB5A0A1-577A-4860-A4C1-41669B668A2F}.Release|Any CPU.ActiveCfg = Release|Any CPU
		{CEB5A0A1-577A-4860-A4C1-41669B668A2F}.Release|Any CPU.Build.0 = Release|Any CPU
	EndGlobalSection
EndGlobal
