// !$*UTF8*$!
{
	archiveVersion = 1;
	classes = {
	};
	objectVersion = 46;
	objects = {

/* Begin PBXBuildFile section */
		5E977FEE1A7297D500829AE6 /* main.m in Sources */ = {isa = PBXBuildFile; fileRef = 5E977FED1A7297D500829AE6 /* main.m */; };
		5E977FF11A7297D500829AE6 /* AppDelegate.m in Sources */ = {isa = PBXBuildFile; fileRef = 5E977FF01A7297D500829AE6 /* AppDelegate.m */; };
		5E977FF41A7297D500829AE6 /* ViewController.m in Sources */ = {isa = PBXBuildFile; fileRef = 5E977FF31A7297D500829AE6 /* ViewController.m */; };
		5E977FF71A7297D500829AE6 /* Main.storyboard in Resources */ = {isa = PBXBuildFile; fileRef = 5E977FF51A7297D500829AE6 /* Main.storyboard */; };
		5E977FF91A7297D500829AE6 /* Images.xcassets in Resources */ = {isa = PBXBuildFile; fileRef = 5E977FF81A7297D500829AE6 /* Images.xcassets */; };
		5E977FFC1A7297D500829AE6 /* LaunchScreen.xib in Resources */ = {isa = PBXBuildFile; fileRef = 5E977FFA1A7297D500829AE6 /* LaunchScreen.xib */; };
		5E9780081A7297D500829AE6 /* TextViewControllerTests.m in Sources */ = {isa = PBXBuildFile; fileRef = 5E9780071A7297D500829AE6 /* TextViewControllerTests.m */; };
/* End PBXBuildFile section */

/* Begin PBXContainerItemProxy section */
		5E9780021A7297D500829AE6 /* PBXContainerItemProxy */ = {
			isa = PBXContainerItemProxy;
			containerPortal = 5E977FE01A7297D500829AE6 /* Project object */;
			proxyType = 1;
			remoteGlobalIDString = 5E977FE71A7297D500829AE6;
			remoteInfo = TextViewController;
		};
/* End PBXContainerItemProxy section */

/* Begin PBXFileReference section */
		5E977FE81A7297D500829AE6 /* TextViewController.app */ = {isa = PBXFileReference; explicitFileType = wrapper.application; includeInIndex = 0; path = TextViewController.app; sourceTree = BUILT_PRODUCTS_DIR; };
		5E977FEC1A7297D500829AE6 /* Info.plist */ = {isa = PBXFileReference; lastKnownFileType = text.plist.xml; path = Info.plist; sourceTree = "<group>"; };
		5E977FED1A7297D500829AE6 /* main.m */ = {isa = PBXFileReference; lastKnownFileType = sourcecode.c.objc; path = main.m; sourceTree = "<group>"; };
		5E977FEF1A7297D500829AE6 /* AppDelegate.h */ = {isa = PBXFileReference; lastKnownFileType = sourcecode.c.h; path = AppDelegate.h; sourceTree = "<group>"; };
		5E977FF01A7297D500829AE6 /* AppDelegate.m */ = {isa = PBXFileReference; lastKnownFileType = sourcecode.c.objc; path = AppDelegate.m; sourceTree = "<group>"; };
		5E977FF21A7297D500829AE6 /* ViewController.h */ = {isa = PBXFileReference; lastKnownFileType = sourcecode.c.h; path = ViewController.h; sourceTree = "<group>"; };
		5E977FF31A7297D500829AE6 /* ViewController.m */ = {isa = PBXFileReference; lastKnownFileType = sourcecode.c.objc; path = ViewController.m; sourceTree = "<group>"; };
		5E977FF61A7297D500829AE6 /* Base */ = {isa = PBXFileReference; lastKnownFileType = file.storyboard; name = Base; path = Base.lproj/Main.storyboard; sourceTree = "<group>"; };
		5E977FF81A7297D500829AE6 /* Images.xcassets */ = {isa = PBXFileReference; lastKnownFileType = folder.assetcatalog; path = Images.xcassets; sourceTree = "<group>"; };
		5E977FFB1A7297D500829AE6 /* Base */ = {isa = PBXFileReference; lastKnownFileType = file.xib; name = Base; path = Base.lproj/LaunchScreen.xib; sourceTree = "<group>"; };
		5E9780011A7297D500829AE6 /* TextViewControllerTests.xctest */ = {isa = PBXFileReference; explicitFileType = wrapper.cfbundle; includeInIndex = 0; path = TextViewControllerTests.xctest; sourceTree = BUILT_PRODUCTS_DIR; };
		5E9780061A7297D500829AE6 /* Info.plist */ = {isa = PBXFileReference; lastKnownFileType = text.plist.xml; path = Info.plist; sourceTree = "<group>"; };
		5E9780071A7297D500829AE6 /* TextViewControllerTests.m */ = {isa = PBXFileReference; lastKnownFileType = sourcecode.c.objc; path = TextViewControllerTests.m; sourceTree = "<group>"; };
/* End PBXFileReference section */

/* Begin PBXFrameworksBuildPhase section */
		5E977FE51A7297D500829AE6 /* Frameworks */ = {
			isa = PBXFrameworksBuildPhase;
			buildActionMask = 2147483647;
			files = (
			);
			runOnlyForDeploymentPostprocessing = 0;
		};
		5E977FFE1A7297D500829AE6 /* Frameworks */ = {
			isa = PBXFrameworksBuildPhase;
			buildActionMask = 2147483647;
			files = (
			);
			runOnlyForDeploymentPostprocessing = 0;
		};
/* End PBXFrameworksBuildPhase section */

/* Begin PBXGroup section */
		5E977FDF1A7297D500829AE6 = {
			isa = PBXGroup;
			children = (
				5E977FEA1A7297D500829AE6 /* TextViewController */,
				5E9780041A7297D500829AE6 /* TextViewControllerTests */,
				5E977FE91A7297D500829AE6 /* Products */,
			);
			sourceTree = "<group>";
		};
		5E977FE91A7297D500829AE6 /* Products */ = {
			isa = PBXGroup;
			children = (
				5E977FE81A7297D500829AE6 /* TextViewController.app */,
				5E9780011A7297D500829AE6 /* TextViewControllerTests.xctest */,
			);
			name = Products;
			sourceTree = "<group>";
		};
		5E977FEA1A7297D500829AE6 /* TextViewController */ = {
			isa = PBXGroup;
			children = (
				5E977FEF1A7297D500829AE6 /* AppDelegate.h */,
				5E977FF01A7297D500829AE6 /* AppDelegate.m */,
				5E977FF21A7297D500829AE6 /* ViewController.h */,
				5E977FF31A7297D500829AE6 /* ViewController.m */,
				5E977FF51A7297D500829AE6 /* Main.storyboard */,
				5E977FF81A7297D500829AE6 /* Images.xcassets */,
				5E977FFA1A7297D500829AE6 /* LaunchScreen.xib */,
				5E977FEB1A7297D500829AE6 /* Supporting Files */,
			);
			path = TextViewController;
			sourceTree = "<group>";
		};
		5E977FEB1A7297D500829AE6 /* Supporting Files */ = {
			isa = PBXGroup;
			children = (
				5E977FEC1A7297D500829AE6 /* Info.plist */,
				5E977FED1A7297D500829AE6 /* main.m */,
			);
			name = "Supporting Files";
			sourceTree = "<group>";
		};
		5E9780041A7297D500829AE6 /* TextViewControllerTests */ = {
			isa = PBXGroup;
			children = (
				5E9780071A7297D500829AE6 /* TextViewControllerTests.m */,
				5E9780051A7297D500829AE6 /* Supporting Files */,
			);
			path = TextViewControllerTests;
			sourceTree = "<group>";
		};
		5E9780051A7297D500829AE6 /* Supporting Files */ = {
			isa = PBXGroup;
			children = (
				5E9780061A7297D500829AE6 /* Info.plist */,
			);
			name = "Supporting Files";
			sourceTree = "<group>";
		};
/* End PBXGroup section */

/* Begin PBXNativeTarget section */
		5E977FE71A7297D500829AE6 /* TextViewController */ = {
			isa = PBXNativeTarget;
			buildConfigurationList = 5E97800B1A7297D500829AE6 /* Build configuration list for PBXNativeTarget "TextViewController" */;
			buildPhases = (
				5E977FE41A7297D500829AE6 /* Sources */,
				5E977FE51A7297D500829AE6 /* Frameworks */,
				5E977FE61A7297D500829AE6 /* Resources */,
			);
			buildRules = (
			);
			dependencies = (
			);
			name = TextViewController;
			productName = TextViewController;
			productReference = 5E977FE81A7297D500829AE6 /* TextViewController.app */;
			productType = "com.apple.product-type.application";
		};
		5E9780001A7297D500829AE6 /* TextViewControllerTests */ = {
			isa = PBXNativeTarget;
			buildConfigurationList = 5E97800E1A7297D500829AE6 /* Build configuration list for PBXNativeTarget "TextViewControllerTests" */;
			buildPhases = (
				5E977FFD1A7297D500829AE6 /* Sources */,
				5E977FFE1A7297D500829AE6 /* Frameworks */,
				5E977FFF1A7297D500829AE6 /* Resources */,
			);
			buildRules = (
			);
			dependencies = (
				5E9780031A7297D500829AE6 /* PBXTargetDependency */,
			);
			name = TextViewControllerTests;
			productName = TextViewControllerTests;
			productReference = 5E9780011A7297D500829AE6 /* TextViewControllerTests.xctest */;
			productType = "com.apple.product-type.bundle.unit-test";
		};
/* End PBXNativeTarget section */

/* Begin PBXProject section */
		5E977FE01A7297D500829AE6 /* Project object */ = {
			isa = PBXProject;
			attributes = {
				LastUpgradeCheck = 0620;
				ORGANIZATIONNAME = "Rustam Zaitov";
				TargetAttributes = {
					5E977FE71A7297D500829AE6 = {
						CreatedOnToolsVersion = 6.2;
					};
					5E9780001A7297D500829AE6 = {
						CreatedOnToolsVersion = 6.2;
						TestTargetID = 5E977FE71A7297D500829AE6;
					};
				};
			};
			buildConfigurationList = 5E977FE31A7297D500829AE6 /* Build configuration list for PBXProject "TextViewController" */;
			compatibilityVersion = "Xcode 3.2";
			developmentRegion = English;
			hasScannedForEncodings = 0;
			knownRegions = (
				en,
				Base,
			);
			mainGroup = 5E977FDF1A7297D500829AE6;
			productRefGroup = 5E977FE91A7297D500829AE6 /* Products */;
			projectDirPath = "";
			projectRoot = "";
			targets = (
				5E977FE71A7297D500829AE6 /* TextViewController */,
				5E9780001A7297D500829AE6 /* TextViewControllerTests */,
			);
		};
/* End PBXProject section */

/* Begin PBXResourcesBuildPhase section */
		5E977FE61A7297D500829AE6 /* Resources */ = {
			isa = PBXResourcesBuildPhase;
			buildActionMask = 2147483647;
			files = (
				5E977FF71A7297D500829AE6 /* Main.storyboard in Resources */,
				5E977FFC1A7297D500829AE6 /* LaunchScreen.xib in Resources */,
				5E977FF91A7297D500829AE6 /* Images.xcassets in Resources */,
			);
			runOnlyForDeploymentPostprocessing = 0;
		};
		5E977FFF1A7297D500829AE6 /* Resources */ = {
			isa = PBXResourcesBuildPhase;
			buildActionMask = 2147483647;
			files = (
			);
			runOnlyForDeploymentPostprocessing = 0;
		};
/* End PBXResourcesBuildPhase section */

/* Begin PBXSourcesBuildPhase section */
		5E977FE41A7297D500829AE6 /* Sources */ = {
			isa = PBXSourcesBuildPhase;
			buildActionMask = 2147483647;
			files = (
				5E977FF41A7297D500829AE6 /* ViewController.m in Sources */,
				5E977FF11A7297D500829AE6 /* AppDelegate.m in Sources */,
				5E977FEE1A7297D500829AE6 /* main.m in Sources */,
			);
			runOnlyForDeploymentPostprocessing = 0;
		};
		5E977FFD1A7297D500829AE6 /* Sources */ = {
			isa = PBXSourcesBuildPhase;
			buildActionMask = 2147483647;
			files = (
				5E9780081A7297D500829AE6 /* TextViewControllerTests.m in Sources */,
			);
			runOnlyForDeploymentPostprocessing = 0;
		};
/* End PBXSourcesBuildPhase section */

/* Begin PBXTargetDependency section */
		5E9780031A7297D500829AE6 /* PBXTargetDependency */ = {
			isa = PBXTargetDependency;
			target = 5E977FE71A7297D500829AE6 /* TextViewController */;
			targetProxy = 5E9780021A7297D500829AE6 /* PBXContainerItemProxy */;
		};
/* End PBXTargetDependency section */

/* Begin PBXVariantGroup section */
		5E977FF51A7297D500829AE6 /* Main.storyboard */ = {
			isa = PBXVariantGroup;
			children = (
				5E977FF61A7297D500829AE6 /* Base */,
			);
			name = Main.storyboard;
			sourceTree = "<group>";
		};
		5E977FFA1A7297D500829AE6 /* LaunchScreen.xib */ = {
			isa = PBXVariantGroup;
			children = (
				5E977FFB1A7297D500829AE6 /* Base */,
			);
			name = LaunchScreen.xib;
			sourceTree = "<group>";
		};
/* End PBXVariantGroup section */

/* Begin XCBuildConfiguration section */
		5E9780091A7297D500829AE6 /* Debug */ = {
			isa = XCBuildConfiguration;
			buildSettings = {
				ALWAYS_SEARCH_USER_PATHS = NO;
				CLANG_CXX_LANGUAGE_STANDARD = "gnu++0x";
				CLANG_CXX_LIBRARY = "libc++";
				CLANG_ENABLE_MODULES = YES;
				CLANG_ENABLE_OBJC_ARC = YES;
				CLANG_WARN_BOOL_CONVERSION = YES;
				CLANG_WARN_CONSTANT_CONVERSION = YES;
				CLANG_WARN_DIRECT_OBJC_ISA_USAGE = YES_ERROR;
				CLANG_WARN_EMPTY_BODY = YES;
				CLANG_WARN_ENUM_CONVERSION = YES;
				CLANG_WARN_INT_CONVERSION = YES;
				CLANG_WARN_OBJC_ROOT_CLASS = YES_ERROR;
				CLANG_WARN_UNREACHABLE_CODE = YES;
				CLANG_WARN__DUPLICATE_METHOD_MATCH = YES;
				"CODE_SIGN_IDENTITY[sdk=iphoneos*]" = "iPhone Developer";
				COPY_PHASE_STRIP = NO;
				ENABLE_STRICT_OBJC_MSGSEND = YES;
				GCC_C_LANGUAGE_STANDARD = gnu99;
				GCC_DYNAMIC_NO_PIC = NO;
				GCC_OPTIMIZATION_LEVEL = 0;
				GCC_PREPROCESSOR_DEFINITIONS = (
					"DEBUG=1",
					"$(inherited)",
				);
				GCC_SYMBOLS_PRIVATE_EXTERN = NO;
				GCC_WARN_64_TO_32_BIT_CONVERSION = YES;
				GCC_WARN_ABOUT_RETURN_TYPE = YES_ERROR;
				GCC_WARN_UNDECLARED_SELECTOR = YES;
				GCC_WARN_UNINITIALIZED_AUTOS = YES_AGGRESSIVE;
				GCC_WARN_UNUSED_FUNCTION = YES;
				GCC_WARN_UNUSED_VARIABLE = YES;
				IPHONEOS_DEPLOYMENT_TARGET = 8.2;
				MTL_ENABLE_DEBUG_INFO = YES;
				ONLY_ACTIVE_ARCH = YES;
				SDKROOT = iphoneos;
				TARGETED_DEVICE_FAMILY = "1,2";
			};
			name = Debug;
		};
		5E97800A1A7297D500829AE6 /* Release */ = {
			isa = XCBuildConfiguration;
			buildSettings = {
				ALWAYS_SEARCH_USER_PATHS = NO;
				CLANG_CXX_LANGUAGE_STANDARD = "gnu++0x";
				CLANG_CXX_LIBRARY = "libc++";
				CLANG_ENABLE_MODULES = YES;
				CLANG_ENABLE_OBJC_ARC = YES;
				CLANG_WARN_BOOL_CONVERSION = YES;
				CLANG_WARN_CONSTANT_CONVERSION = YES;
				CLANG_WARN_DIRECT_OBJC_ISA_USAGE = YES_ERROR;
				CLANG_WARN_EMPTY_BODY = YES;
				CLANG_WARN_ENUM_CONVERSION = YES;
				CLANG_WARN_INT_CONVERSION = YES;
				CLANG_WARN_OBJC_ROOT_CLASS = YES_ERROR;
				CLANG_WARN_UNREACHABLE_CODE = YES;
				CLANG_WARN__DUPLICATE_METHOD_MATCH = YES;
				"CODE_SIGN_IDENTITY[sdk=iphoneos*]" = "iPhone Developer";
				COPY_PHASE_STRIP = NO;
				ENABLE_NS_ASSERTIONS = NO;
				ENABLE_STRICT_OBJC_MSGSEND = YES;
				GCC_C_LANGUAGE_STANDARD = gnu99;
				GCC_WARN_64_TO_32_BIT_CONVERSION = YES;
				GCC_WARN_ABOUT_RETURN_TYPE = YES_ERROR;
				GCC_WARN_UNDECLARED_SELECTOR = YES;
				GCC_WARN_UNINITIALIZED_AUTOS = YES_AGGRESSIVE;
				GCC_WARN_UNUSED_FUNCTION = YES;
				GCC_WARN_UNUSED_VARIABLE = YES;
				IPHONEOS_DEPLOYMENT_TARGET = 8.2;
				MTL_ENABLE_DEBUG_INFO = NO;
				SDKROOT = iphoneos;
				TARGETED_DEVICE_FAMILY = "1,2";
				VALIDATE_PRODUCT = YES;
			};
			name = Release;
		};
		5E97800C1A7297D500829AE6 /* Debug */ = {
			isa = XCBuildConfiguration;
			buildSettings = {
				ASSETCATALOG_COMPILER_APPICON_NAME = AppIcon;
				INFOPLIST_FILE = TextViewController/Info.plist;
				LD_RUNPATH_SEARCH_PATHS = "$(inherited) @executable_path/Frameworks";
				PRODUCT_NAME = "$(TARGET_NAME)";
			};
			name = Debug;
		};
		5E97800D1A7297D500829AE6 /* Release */ = {
			isa = XCBuildConfiguration;
			buildSettings = {
				ASSETCATALOG_COMPILER_APPICON_NAME = AppIcon;
				INFOPLIST_FILE = TextViewController/Info.plist;
				LD_RUNPATH_SEARCH_PATHS = "$(inherited) @executable_path/Frameworks";
				PRODUCT_NAME = "$(TARGET_NAME)";
			};
			name = Release;
		};
		5E97800F1A7297D500829AE6 /* Debug */ = {
			isa = XCBuildConfiguration;
			buildSettings = {
				BUNDLE_LOADER = "$(TEST_HOST)";
				FRAMEWORK_SEARCH_PATHS = (
					"$(SDKROOT)/Developer/Library/Frameworks",
					"$(inherited)",
				);
				GCC_PREPROCESSOR_DEFINITIONS = (
					"DEBUG=1",
					"$(inherited)",
				);
				INFOPLIST_FILE = TextViewControllerTests/Info.plist;
				LD_RUNPATH_SEARCH_PATHS = "$(inherited) @executable_path/Frameworks @loader_path/Frameworks";
				PRODUCT_NAME = "$(TARGET_NAME)";
				TEST_HOST = "$(BUILT_PRODUCTS_DIR)/TextViewController.app/TextViewController";
			};
			name = Debug;
		};
		5E9780101A7297D500829AE6 /* Release */ = {
			isa = XCBuildConfiguration;
			buildSettings = {
				BUNDLE_LOADER = "$(TEST_HOST)";
				FRAMEWORK_SEARCH_PATHS = (
					"$(SDKROOT)/Developer/Library/Frameworks",
					"$(inherited)",
				);
				INFOPLIST_FILE = TextViewControllerTests/Info.plist;
				LD_RUNPATH_SEARCH_PATHS = "$(inherited) @executable_path/Frameworks @loader_path/Frameworks";
				PRODUCT_NAME = "$(TARGET_NAME)";
				TEST_HOST = "$(BUILT_PRODUCTS_DIR)/TextViewController.app/TextViewController";
			};
			name = Release;
		};
/* End XCBuildConfiguration section */

/* Begin XCConfigurationList section */
		5E977FE31A7297D500829AE6 /* Build configuration list for PBXProject "TextViewController" */ = {
			isa = XCConfigurationList;
			buildConfigurations = (
				5E9780091A7297D500829AE6 /* Debug */,
				5E97800A1A7297D500829AE6 /* Release */,
			);
			defaultConfigurationIsVisible = 0;
			defaultConfigurationName = Release;
		};
		5E97800B1A7297D500829AE6 /* Build configuration list for PBXNativeTarget "TextViewController" */ = {
			isa = XCConfigurationList;
			buildConfigurations = (
				5E97800C1A7297D500829AE6 /* Debug */,
				5E97800D1A7297D500829AE6 /* Release */,
			);
			defaultConfigurationIsVisible = 0;
		};
		5E97800E1A7297D500829AE6 /* Build configuration list for PBXNativeTarget "TextViewControllerTests" */ = {
			isa = XCConfigurationList;
			buildConfigurations = (
				5E97800F1A7297D500829AE6 /* Debug */,
				5E9780101A7297D500829AE6 /* Release */,
			);
			defaultConfigurationIsVisible = 0;
		};
/* End XCConfigurationList section */
	};
	rootObject = 5E977FE01A7297D500829AE6 /* Project object */;
}
