
Microsoft Visual Studio Solution File, Format Version 12.00
# Visual Studio 2012
Project("{FAE04EC0-301F-11D3-BF4B-00C04F79EFBC}") = "CustomViewXI", "CustomViewXI\CustomViewXI.csproj", "{1DB02DE3-B402-4901-ABE8-2F0FA0F62009}"
EndProject
Global
	GlobalSection(SolutionConfigurationPlatforms) = preSolution
		Debug|iPhoneSimulator = Debug|iPhoneSimulator
		Release|iPhone = Release|iPhone
		Release|iPhoneSimulator = Release|iPhoneSimulator
		Debug|iPhone = Debug|iPhone
		Debug|Any CPU = Debug|Any CPU
		Release|Any CPU = Release|Any CPU
	EndGlobalSection
	GlobalSection(ProjectConfigurationPlatforms) = postSolution
		{1DB02DE3-B402-4901-ABE8-2F0FA0F62009}.Debug|Any CPU.ActiveCfg = Debug|iPhoneSimulator
		{1DB02DE3-B402-4901-ABE8-2F0FA0F62009}.Debug|Any CPU.Build.0 = Debug|iPhoneSimulator
		{1DB02DE3-B402-4901-ABE8-2F0FA0F62009}.Debug|iPhone.ActiveCfg = Debug|iPhone
		{1DB02DE3-B402-4901-ABE8-2F0FA0F62009}.Debug|iPhone.Build.0 = Debug|iPhone
		{1DB02DE3-B402-4901-ABE8-2F0FA0F62009}.Debug|iPhoneSimulator.ActiveCfg = Debug|iPhoneSimulator
		{1DB02DE3-B402-4901-ABE8-2F0FA0F62009}.Debug|iPhoneSimulator.Build.0 = Debug|iPhoneSimulator
		{1DB02DE3-B402-4901-ABE8-2F0FA0F62009}.Release|Any CPU.ActiveCfg = Release|iPhone
		{1DB02DE3-B402-4901-ABE8-2F0FA0F62009}.Release|Any CPU.Build.0 = Release|iPhone
		{1DB02DE3-B402-4901-ABE8-2F0FA0F62009}.Release|iPhone.ActiveCfg = Release|iPhone
		{1DB02DE3-B402-4901-ABE8-2F0FA0F62009}.Release|iPhone.Build.0 = Release|iPhone
		{1DB02DE3-B402-4901-ABE8-2F0FA0F62009}.Release|iPhoneSimulator.ActiveCfg = Release|iPhoneSimulator
		{1DB02DE3-B402-4901-ABE8-2F0FA0F62009}.Release|iPhoneSimulator.Build.0 = Release|iPhoneSimulator
	EndGlobalSection
EndGlobal
