
Microsoft Visual Studio Solution File, Format Version 12.00
# Visual Studio 2012
Project("{FAE04EC0-301F-11D3-BF4B-00C04F79EFBC}") = "AppArgsXamarin", "AppArgsXamarin\AppArgsXamarin.csproj", "{1DEDC30D-D8DC-4141-948A-D8C07AD3B768}"
EndProject
Global
	GlobalSection(SolutionConfigurationPlatforms) = preSolution
		Debug|iPhoneSimulator = Debug|iPhoneSimulator
		Release|iPhone = Release|iPhone
		Release|iPhoneSimulator = Release|iPhoneSimulator
		Debug|iPhone = Debug|iPhone
	EndGlobalSection
	GlobalSection(ProjectConfigurationPlatforms) = postSolution
		{1DEDC30D-D8DC-4141-948A-D8C07AD3B768}.Debug|iPhoneSimulator.ActiveCfg = Debug|iPhoneSimulator
		{1DEDC30D-D8DC-4141-948A-D8C07AD3B768}.Debug|iPhoneSimulator.Build.0 = Debug|iPhoneSimulator
		{1DEDC30D-D8DC-4141-948A-D8C07AD3B768}.Release|iPhone.ActiveCfg = Release|iPhone
		{1DEDC30D-D8DC-4141-948A-D8C07AD3B768}.Release|iPhone.Build.0 = Release|iPhone
		{1DEDC30D-D8DC-4141-948A-D8C07AD3B768}.Release|iPhoneSimulator.ActiveCfg = Release|iPhoneSimulator
		{1DEDC30D-D8DC-4141-948A-D8C07AD3B768}.Release|iPhoneSimulator.Build.0 = Release|iPhoneSimulator
		{1DEDC30D-D8DC-4141-948A-D8C07AD3B768}.Debug|iPhone.ActiveCfg = Debug|iPhone
		{1DEDC30D-D8DC-4141-948A-D8C07AD3B768}.Debug|iPhone.Build.0 = Debug|iPhone
	EndGlobalSection
EndGlobal
