
Microsoft Visual Studio Solution File, Format Version 12.00
# Visual Studio 2012
Project("{FAE04EC0-301F-11D3-BF4B-00C04F79EFBC}") = "MacAsset", "MacAsset\MacAsset.csproj", "{A6F36E42-7B17-435C-9594-9EFF506A290A}"
EndProject
Global
	GlobalSection(SolutionConfigurationPlatforms) = preSolution
		Debug|Any CPU = Debug|Any CPU
		Release|Any CPU = Release|Any CPU
	EndGlobalSection
	GlobalSection(ProjectConfigurationPlatforms) = postSolution
		{A6F36E42-7B17-435C-9594-9EFF506A290A}.Debug|Any CPU.ActiveCfg = Debug|Any CPU
		{A6F36E42-7B17-435C-9594-9EFF506A290A}.Debug|Any CPU.Build.0 = Debug|Any CPU
		{A6F36E42-7B17-435C-9594-9EFF506A290A}.Release|Any CPU.ActiveCfg = Release|Any CPU
		{A6F36E42-7B17-435C-9594-9EFF506A290A}.Release|Any CPU.Build.0 = Release|Any CPU
	EndGlobalSection
EndGlobal
