
Microsoft Visual Studio Solution File, Format Version 12.00
# Visual Studio 2012
Project("{FAE04EC0-301F-11D3-BF4B-00C04F79EFBC}") = "NSStringEqualsOp", "NSStringEqualsOp\NSStringEqualsOp.csproj", "{2B3F1E46-0EB6-4578-8271-1FEDA7C1A66E}"
EndProject
Global
	GlobalSection(SolutionConfigurationPlatforms) = preSolution
		Debug|iPhoneSimulator = Debug|iPhoneSimulator
		Release|iPhone = Release|iPhone
		Release|iPhoneSimulator = Release|iPhoneSimulator
		Debug|iPhone = Debug|iPhone
	EndGlobalSection
	GlobalSection(ProjectConfigurationPlatforms) = postSolution
		{2B3F1E46-0EB6-4578-8271-1FEDA7C1A66E}.Debug|iPhone.ActiveCfg = Debug|iPhone
		{2B3F1E46-0EB6-4578-8271-1FEDA7C1A66E}.Debug|iPhone.Build.0 = Debug|iPhone
		{2B3F1E46-0EB6-4578-8271-1FEDA7C1A66E}.Debug|iPhoneSimulator.ActiveCfg = Debug|iPhoneSimulator
		{2B3F1E46-0EB6-4578-8271-1FEDA7C1A66E}.Debug|iPhoneSimulator.Build.0 = Debug|iPhoneSimulator
		{2B3F1E46-0EB6-4578-8271-1FEDA7C1A66E}.Release|iPhone.ActiveCfg = Release|iPhone
		{2B3F1E46-0EB6-4578-8271-1FEDA7C1A66E}.Release|iPhone.Build.0 = Release|iPhone
		{2B3F1E46-0EB6-4578-8271-1FEDA7C1A66E}.Release|iPhoneSimulator.ActiveCfg = Release|iPhoneSimulator
		{2B3F1E46-0EB6-4578-8271-1FEDA7C1A66E}.Release|iPhoneSimulator.Build.0 = Release|iPhoneSimulator
	EndGlobalSection
EndGlobal
