// !$*UTF8*$!
{
	archiveVersion = 1;
	classes = {
	};
	objectVersion = 46;
	objects = {

/* Begin PBXBuildFile section */
		5EA067CB1BD13B530068D930 /* AppDelegate.swift in Sources */ = {isa = PBXBuildFile; fileRef = 5EA067CA1BD13B530068D930 /* AppDelegate.swift */; };
		5EA067CD1BD13B530068D930 /* ViewController.swift in Sources */ = {isa = PBXBuildFile; fileRef = 5EA067CC1BD13B530068D930 /* ViewController.swift */; };
		5EA067CF1BD13B530068D930 /* Assets.xcassets in Resources */ = {isa = PBXBuildFile; fileRef = 5EA067CE1BD13B530068D930 /* Assets.xcassets */; };
		5EA067D21BD13B530068D930 /* Main.storyboard in Resources */ = {isa = PBXBuildFile; fileRef = 5EA067D01BD13B530068D930 /* Main.storyboard */; };
/* End PBXBuildFile section */

/* Begin PBXFileReference section */
		5EA067C71BD13B530068D930 /* NativeAsset.app */ = {isa = PBXFileReference; explicitFileType = wrapper.application; includeInIndex = 0; path = NativeAsset.app; sourceTree = BUILT_PRODUCTS_DIR; };
		5EA067CA1BD13B530068D930 /* AppDelegate.swift */ = {isa = PBXFileReference; lastKnownFileType = sourcecode.swift; path = AppDelegate.swift; sourceTree = "<group>"; };
		5EA067CC1BD13B530068D930 /* ViewController.swift */ = {isa = PBXFileReference; lastKnownFileType = sourcecode.swift; path = ViewController.swift; sourceTree = "<group>"; };
		5EA067CE1BD13B530068D930 /* Assets.xcassets */ = {isa = PBXFileReference; lastKnownFileType = folder.assetcatalog; path = Assets.xcassets; sourceTree = "<group>"; };
		5EA067D11BD13B530068D930 /* Base */ = {isa = PBXFileReference; lastKnownFileType = file.storyboard; name = Base; path = Base.lproj/Main.storyboard; sourceTree = "<group>"; };
		5EA067D31BD13B530068D930 /* Info.plist */ = {isa = PBXFileReference; lastKnownFileType = text.plist.xml; path = Info.plist; sourceTree = "<group>"; };
/* End PBXFileReference section */

/* Begin PBXFrameworksBuildPhase section */
		5EA067C41BD13B530068D930 /* Frameworks */ = {
			isa = PBXFrameworksBuildPhase;
			buildActionMask = 2147483647;
			files = (
			);
			runOnlyForDeploymentPostprocessing = 0;
		};
/* End PBXFrameworksBuildPhase section */

/* Begin PBXGroup section */
		5EA067BE1BD13B530068D930 = {
			isa = PBXGroup;
			children = (
				5EA067C91BD13B530068D930 /* NativeAsset */,
				5EA067C81BD13B530068D930 /* Products */,
			);
			sourceTree = "<group>";
		};
		5EA067C81BD13B530068D930 /* Products */ = {
			isa = PBXGroup;
			children = (
				5EA067C71BD13B530068D930 /* NativeAsset.app */,
			);
			name = Products;
			sourceTree = "<group>";
		};
		5EA067C91BD13B530068D930 /* NativeAsset */ = {
			isa = PBXGroup;
			children = (
				5EA067CA1BD13B530068D930 /* AppDelegate.swift */,
				5EA067CC1BD13B530068D930 /* ViewController.swift */,
				5EA067CE1BD13B530068D930 /* Assets.xcassets */,
				5EA067D01BD13B530068D930 /* Main.storyboard */,
				5EA067D31BD13B530068D930 /* Info.plist */,
			);
			path = NativeAsset;
			sourceTree = "<group>";
		};
/* End PBXGroup section */

/* Begin PBXNativeTarget section */
		5EA067C61BD13B530068D930 /* NativeAsset */ = {
			isa = PBXNativeTarget;
			buildConfigurationList = 5EA067D61BD13B530068D930 /* Build configuration list for PBXNativeTarget "NativeAsset" */;
			buildPhases = (
				5EA067C31BD13B530068D930 /* Sources */,
				5EA067C41BD13B530068D930 /* Frameworks */,
				5EA067C51BD13B530068D930 /* Resources */,
			);
			buildRules = (
			);
			dependencies = (
			);
			name = NativeAsset;
			productName = NativeAsset;
			productReference = 5EA067C71BD13B530068D930 /* NativeAsset.app */;
			productType = "com.apple.product-type.application";
		};
/* End PBXNativeTarget section */

/* Begin PBXProject section */
		5EA067BF1BD13B530068D930 /* Project object */ = {
			isa = PBXProject;
			attributes = {
				LastUpgradeCheck = 0710;
				ORGANIZATIONNAME = Rustam;
				TargetAttributes = {
					5EA067C61BD13B530068D930 = {
						CreatedOnToolsVersion = 7.1;
					};
				};
			};
			buildConfigurationList = 5EA067C21BD13B530068D930 /* Build configuration list for PBXProject "NativeAsset" */;
			compatibilityVersion = "Xcode 3.2";
			developmentRegion = English;
			hasScannedForEncodings = 0;
			knownRegions = (
				en,
				Base,
			);
			mainGroup = 5EA067BE1BD13B530068D930;
			productRefGroup = 5EA067C81BD13B530068D930 /* Products */;
			projectDirPath = "";
			projectRoot = "";
			targets = (
				5EA067C61BD13B530068D930 /* NativeAsset */,
			);
		};
/* End PBXProject section */

/* Begin PBXResourcesBuildPhase section */
		5EA067C51BD13B530068D930 /* Resources */ = {
			isa = PBXResourcesBuildPhase;
			buildActionMask = 2147483647;
			files = (
				5EA067CF1BD13B530068D930 /* Assets.xcassets in Resources */,
				5EA067D21BD13B530068D930 /* Main.storyboard in Resources */,
			);
			runOnlyForDeploymentPostprocessing = 0;
		};
/* End PBXResourcesBuildPhase section */

/* Begin PBXSourcesBuildPhase section */
		5EA067C31BD13B530068D930 /* Sources */ = {
			isa = PBXSourcesBuildPhase;
			buildActionMask = 2147483647;
			files = (
				5EA067CD1BD13B530068D930 /* ViewController.swift in Sources */,
				5EA067CB1BD13B530068D930 /* AppDelegate.swift in Sources */,
			);
			runOnlyForDeploymentPostprocessing = 0;
		};
/* End PBXSourcesBuildPhase section */

/* Begin PBXVariantGroup section */
		5EA067D01BD13B530068D930 /* Main.storyboard */ = {
			isa = PBXVariantGroup;
			children = (
				5EA067D11BD13B530068D930 /* Base */,
			);
			name = Main.storyboard;
			sourceTree = "<group>";
		};
/* End PBXVariantGroup section */

/* Begin XCBuildConfiguration section */
		5EA067D41BD13B530068D930 /* Debug */ = {
			isa = XCBuildConfiguration;
			buildSettings = {
				ALWAYS_SEARCH_USER_PATHS = NO;
				CLANG_CXX_LANGUAGE_STANDARD = "gnu++0x";
				CLANG_CXX_LIBRARY = "libc++";
				CLANG_ENABLE_MODULES = YES;
				CLANG_ENABLE_OBJC_ARC = YES;
				CLANG_WARN_BOOL_CONVERSION = YES;
				CLANG_WARN_CONSTANT_CONVERSION = YES;
				CLANG_WARN_DIRECT_OBJC_ISA_USAGE = YES_ERROR;
				CLANG_WARN_EMPTY_BODY = YES;
				CLANG_WARN_ENUM_CONVERSION = YES;
				CLANG_WARN_INT_CONVERSION = YES;
				CLANG_WARN_OBJC_ROOT_CLASS = YES_ERROR;
				CLANG_WARN_UNREACHABLE_CODE = YES;
				CLANG_WARN__DUPLICATE_METHOD_MATCH = YES;
				CODE_SIGN_IDENTITY = "-";
				COPY_PHASE_STRIP = NO;
				DEBUG_INFORMATION_FORMAT = dwarf;
				ENABLE_STRICT_OBJC_MSGSEND = YES;
				ENABLE_TESTABILITY = YES;
				GCC_C_LANGUAGE_STANDARD = gnu99;
				GCC_DYNAMIC_NO_PIC = NO;
				GCC_NO_COMMON_BLOCKS = YES;
				GCC_OPTIMIZATION_LEVEL = 0;
				GCC_PREPROCESSOR_DEFINITIONS = (
					"DEBUG=1",
					"$(inherited)",
				);
				GCC_WARN_64_TO_32_BIT_CONVERSION = YES;
				GCC_WARN_ABOUT_RETURN_TYPE = YES_ERROR;
				GCC_WARN_UNDECLARED_SELECTOR = YES;
				GCC_WARN_UNINITIALIZED_AUTOS = YES_AGGRESSIVE;
				GCC_WARN_UNUSED_FUNCTION = YES;
				GCC_WARN_UNUSED_VARIABLE = YES;
				MACOSX_DEPLOYMENT_TARGET = 10.11;
				MTL_ENABLE_DEBUG_INFO = YES;
				ONLY_ACTIVE_ARCH = YES;
				SDKROOT = macosx;
				SWIFT_OPTIMIZATION_LEVEL = "-Onone";
			};
			name = Debug;
		};
		5EA067D51BD13B530068D930 /* Release */ = {
			isa = XCBuildConfiguration;
			buildSettings = {
				ALWAYS_SEARCH_USER_PATHS = NO;
				CLANG_CXX_LANGUAGE_STANDARD = "gnu++0x";
				CLANG_CXX_LIBRARY = "libc++";
				CLANG_ENABLE_MODULES = YES;
				CLANG_ENABLE_OBJC_ARC = YES;
				CLANG_WARN_BOOL_CONVERSION = YES;
				CLANG_WARN_CONSTANT_CONVERSION = YES;
				CLANG_WARN_DIRECT_OBJC_ISA_USAGE = YES_ERROR;
				CLANG_WARN_EMPTY_BODY = YES;
				CLANG_WARN_ENUM_CONVERSION = YES;
				CLANG_WARN_INT_CONVERSION = YES;
				CLANG_WARN_OBJC_ROOT_CLASS = YES_ERROR;
				CLANG_WARN_UNREACHABLE_CODE = YES;
				CLANG_WARN__DUPLICATE_METHOD_MATCH = YES;
				CODE_SIGN_IDENTITY = "-";
				COPY_PHASE_STRIP = NO;
				DEBUG_INFORMATION_FORMAT = "dwarf-with-dsym";
				ENABLE_NS_ASSERTIONS = NO;
				ENABLE_STRICT_OBJC_MSGSEND = YES;
				GCC_C_LANGUAGE_STANDARD = gnu99;
				GCC_NO_COMMON_BLOCKS = YES;
				GCC_WARN_64_TO_32_BIT_CONVERSION = YES;
				GCC_WARN_ABOUT_RETURN_TYPE = YES_ERROR;
				GCC_WARN_UNDECLARED_SELECTOR = YES;
				GCC_WARN_UNINITIALIZED_AUTOS = YES_AGGRESSIVE;
				GCC_WARN_UNUSED_FUNCTION = YES;
				GCC_WARN_UNUSED_VARIABLE = YES;
				MACOSX_DEPLOYMENT_TARGET = 10.11;
				MTL_ENABLE_DEBUG_INFO = NO;
				SDKROOT = macosx;
			};
			name = Release;
		};
		5EA067D71BD13B530068D930 /* Debug */ = {
			isa = XCBuildConfiguration;
			buildSettings = {
				ASSETCATALOG_COMPILER_APPICON_NAME = AppIcon;
				COMBINE_HIDPI_IMAGES = YES;
				INFOPLIST_FILE = NativeAsset/Info.plist;
				LD_RUNPATH_SEARCH_PATHS = "$(inherited) @executable_path/../Frameworks";
				PRODUCT_BUNDLE_IDENTIFIER = xamarin.NativeAsset;
				PRODUCT_NAME = "$(TARGET_NAME)";
			};
			name = Debug;
		};
		5EA067D81BD13B530068D930 /* Release */ = {
			isa = XCBuildConfiguration;
			buildSettings = {
				ASSETCATALOG_COMPILER_APPICON_NAME = AppIcon;
				COMBINE_HIDPI_IMAGES = YES;
				INFOPLIST_FILE = NativeAsset/Info.plist;
				LD_RUNPATH_SEARCH_PATHS = "$(inherited) @executable_path/../Frameworks";
				PRODUCT_BUNDLE_IDENTIFIER = xamarin.NativeAsset;
				PRODUCT_NAME = "$(TARGET_NAME)";
			};
			name = Release;
		};
/* End XCBuildConfiguration section */

/* Begin XCConfigurationList section */
		5EA067C21BD13B530068D930 /* Build configuration list for PBXProject "NativeAsset" */ = {
			isa = XCConfigurationList;
			buildConfigurations = (
				5EA067D41BD13B530068D930 /* Debug */,
				5EA067D51BD13B530068D930 /* Release */,
			);
			defaultConfigurationIsVisible = 0;
			defaultConfigurationName = Release;
		};
		5EA067D61BD13B530068D930 /* Build configuration list for PBXNativeTarget "NativeAsset" */ = {
			isa = XCConfigurationList;
			buildConfigurations = (
				5EA067D71BD13B530068D930 /* Debug */,
				5EA067D81BD13B530068D930 /* Release */,
			);
			defaultConfigurationIsVisible = 0;
		};
/* End XCConfigurationList section */
	};
	rootObject = 5EA067BF1BD13B530068D930 /* Project object */;
}
