
Microsoft Visual Studio Solution File, Format Version 12.00
# Visual Studio 2012
Project("{FAE04EC0-301F-11D3-BF4B-00C04F79EFBC}") = "UndoManager", "UndoManager\UndoManager.csproj", "{C32D224F-4C31-4681-ABC6-C52FF5A418B7}"
EndProject
Global
	GlobalSection(SolutionConfigurationPlatforms) = preSolution
		Debug|iPhoneSimulator = Debug|iPhoneSimulator
		Release|iPhoneSimulator = Release|iPhoneSimulator
		Debug|iPhone = Debug|iPhone
		Release|iPhone = Release|iPhone
		Ad-Hoc|iPhone = Ad-Hoc|iPhone
		AppStore|iPhone = AppStore|iPhone
	EndGlobalSection
	GlobalSection(ProjectConfigurationPlatforms) = postSolution
		{C32D224F-4C31-4681-ABC6-C52FF5A418B7}.Ad-Hoc|iPhone.ActiveCfg = Ad-Hoc|iPhone
		{C32D224F-4C31-4681-ABC6-C52FF5A418B7}.Ad-Hoc|iPhone.Build.0 = Ad-Hoc|iPhone
		{C32D224F-4C31-4681-ABC6-C52FF5A418B7}.AppStore|iPhone.ActiveCfg = AppStore|iPhone
		{C32D224F-4C31-4681-ABC6-C52FF5A418B7}.AppStore|iPhone.Build.0 = AppStore|iPhone
		{C32D224F-4C31-4681-ABC6-C52FF5A418B7}.Debug|iPhone.ActiveCfg = Debug|iPhone
		{C32D224F-4C31-4681-ABC6-C52FF5A418B7}.Debug|iPhone.Build.0 = Debug|iPhone
		{C32D224F-4C31-4681-ABC6-C52FF5A418B7}.Debug|iPhoneSimulator.ActiveCfg = Debug|iPhoneSimulator
		{C32D224F-4C31-4681-ABC6-C52FF5A418B7}.Debug|iPhoneSimulator.Build.0 = Debug|iPhoneSimulator
		{C32D224F-4C31-4681-ABC6-C52FF5A418B7}.Release|iPhone.ActiveCfg = Release|iPhone
		{C32D224F-4C31-4681-ABC6-C52FF5A418B7}.Release|iPhone.Build.0 = Release|iPhone
		{C32D224F-4C31-4681-ABC6-C52FF5A418B7}.Release|iPhoneSimulator.ActiveCfg = Release|iPhoneSimulator
		{C32D224F-4C31-4681-ABC6-C52FF5A418B7}.Release|iPhoneSimulator.Build.0 = Release|iPhoneSimulator
	EndGlobalSection
EndGlobal
