
Microsoft Visual Studio Solution File, Format Version 12.00
# Visual Studio 2012
Project("{FAE04EC0-301F-11D3-BF4B-00C04F79EFBC}") = "SwitchPclToNetStandard", "SwitchPclToNetStandard\SwitchPclToNetStandard.csproj", "{C0068791-EF11-4393-BB1A-D15D0BE17E4B}"
EndProject
Global
	GlobalSection(SolutionConfigurationPlatforms) = preSolution
		Debug|Any CPU = Debug|Any CPU
		Release|Any CPU = Release|Any CPU
	EndGlobalSection
	GlobalSection(ProjectConfigurationPlatforms) = postSolution
		{C0068791-EF11-4393-BB1A-D15D0BE17E4B}.Debug|Any CPU.ActiveCfg = Debug|Any CPU
		{C0068791-EF11-4393-BB1A-D15D0BE17E4B}.Debug|Any CPU.Build.0 = Debug|Any CPU
		{C0068791-EF11-4393-BB1A-D15D0BE17E4B}.Release|Any CPU.ActiveCfg = Release|Any CPU
		{C0068791-EF11-4393-BB1A-D15D0BE17E4B}.Release|Any CPU.Build.0 = Release|Any CPU
	EndGlobalSection
EndGlobal
