// !$*UTF8*$!
{
	archiveVersion = 1;
	classes = {
	};
	objectVersion = 46;
	objects = {

/* Begin PBXBuildFile section */
		5EB11F1F1B9F8C8B006A710E /* main.m in Sources */ = {isa = PBXBuildFile; fileRef = 5EB11F1E1B9F8C8B006A710E /* main.m */; };
		5EB11F221B9F8C8B006A710E /* AppDelegate.m in Sources */ = {isa = PBXBuildFile; fileRef = 5EB11F211B9F8C8B006A710E /* AppDelegate.m */; };
		5EB11F251B9F8C8B006A710E /* ViewController.m in Sources */ = {isa = PBXBuildFile; fileRef = 5EB11F241B9F8C8B006A710E /* ViewController.m */; };
		5EB11F281B9F8C8B006A710E /* Main.storyboard in Resources */ = {isa = PBXBuildFile; fileRef = 5EB11F261B9F8C8B006A710E /* Main.storyboard */; };
		5EB11F2A1B9F8C8B006A710E /* Images.xcassets in Resources */ = {isa = PBXBuildFile; fileRef = 5EB11F291B9F8C8B006A710E /* Images.xcassets */; };
		5EB11F2D1B9F8C8B006A710E /* LaunchScreen.xib in Resources */ = {isa = PBXBuildFile; fileRef = 5EB11F2B1B9F8C8B006A710E /* LaunchScreen.xib */; };
		5EB11F391B9F8C8B006A710E /* VectorImageNativeTests.m in Sources */ = {isa = PBXBuildFile; fileRef = 5EB11F381B9F8C8B006A710E /* VectorImageNativeTests.m */; };
/* End PBXBuildFile section */

/* Begin PBXContainerItemProxy section */
		5EB11F331B9F8C8B006A710E /* PBXContainerItemProxy */ = {
			isa = PBXContainerItemProxy;
			containerPortal = 5EB11F111B9F8C8B006A710E /* Project object */;
			proxyType = 1;
			remoteGlobalIDString = 5EB11F181B9F8C8B006A710E;
			remoteInfo = VectorImageNative;
		};
/* End PBXContainerItemProxy section */

/* Begin PBXFileReference section */
		5EB11F191B9F8C8B006A710E /* VectorImageNative.app */ = {isa = PBXFileReference; explicitFileType = wrapper.application; includeInIndex = 0; path = VectorImageNative.app; sourceTree = BUILT_PRODUCTS_DIR; };
		5EB11F1D1B9F8C8B006A710E /* Info.plist */ = {isa = PBXFileReference; lastKnownFileType = text.plist.xml; path = Info.plist; sourceTree = "<group>"; };
		5EB11F1E1B9F8C8B006A710E /* main.m */ = {isa = PBXFileReference; lastKnownFileType = sourcecode.c.objc; path = main.m; sourceTree = "<group>"; };
		5EB11F201B9F8C8B006A710E /* AppDelegate.h */ = {isa = PBXFileReference; lastKnownFileType = sourcecode.c.h; path = AppDelegate.h; sourceTree = "<group>"; };
		5EB11F211B9F8C8B006A710E /* AppDelegate.m */ = {isa = PBXFileReference; lastKnownFileType = sourcecode.c.objc; path = AppDelegate.m; sourceTree = "<group>"; };
		5EB11F231B9F8C8B006A710E /* ViewController.h */ = {isa = PBXFileReference; lastKnownFileType = sourcecode.c.h; path = ViewController.h; sourceTree = "<group>"; };
		5EB11F241B9F8C8B006A710E /* ViewController.m */ = {isa = PBXFileReference; lastKnownFileType = sourcecode.c.objc; path = ViewController.m; sourceTree = "<group>"; };
		5EB11F271B9F8C8B006A710E /* Base */ = {isa = PBXFileReference; lastKnownFileType = file.storyboard; name = Base; path = Base.lproj/Main.storyboard; sourceTree = "<group>"; };
		5EB11F291B9F8C8B006A710E /* Images.xcassets */ = {isa = PBXFileReference; lastKnownFileType = folder.assetcatalog; path = Images.xcassets; sourceTree = "<group>"; };
		5EB11F2C1B9F8C8B006A710E /* Base */ = {isa = PBXFileReference; lastKnownFileType = file.xib; name = Base; path = Base.lproj/LaunchScreen.xib; sourceTree = "<group>"; };
		5EB11F321B9F8C8B006A710E /* VectorImageNativeTests.xctest */ = {isa = PBXFileReference; explicitFileType = wrapper.cfbundle; includeInIndex = 0; path = VectorImageNativeTests.xctest; sourceTree = BUILT_PRODUCTS_DIR; };
		5EB11F371B9F8C8B006A710E /* Info.plist */ = {isa = PBXFileReference; lastKnownFileType = text.plist.xml; path = Info.plist; sourceTree = "<group>"; };
		5EB11F381B9F8C8B006A710E /* VectorImageNativeTests.m */ = {isa = PBXFileReference; lastKnownFileType = sourcecode.c.objc; path = VectorImageNativeTests.m; sourceTree = "<group>"; };
/* End PBXFileReference section */

/* Begin PBXFrameworksBuildPhase section */
		5EB11F161B9F8C8B006A710E /* Frameworks */ = {
			isa = PBXFrameworksBuildPhase;
			buildActionMask = 2147483647;
			files = (
			);
			runOnlyForDeploymentPostprocessing = 0;
		};
		5EB11F2F1B9F8C8B006A710E /* Frameworks */ = {
			isa = PBXFrameworksBuildPhase;
			buildActionMask = 2147483647;
			files = (
			);
			runOnlyForDeploymentPostprocessing = 0;
		};
/* End PBXFrameworksBuildPhase section */

/* Begin PBXGroup section */
		5EB11F101B9F8C8B006A710E = {
			isa = PBXGroup;
			children = (
				5EB11F1B1B9F8C8B006A710E /* VectorImageNative */,
				5EB11F351B9F8C8B006A710E /* VectorImageNativeTests */,
				5EB11F1A1B9F8C8B006A710E /* Products */,
			);
			sourceTree = "<group>";
		};
		5EB11F1A1B9F8C8B006A710E /* Products */ = {
			isa = PBXGroup;
			children = (
				5EB11F191B9F8C8B006A710E /* VectorImageNative.app */,
				5EB11F321B9F8C8B006A710E /* VectorImageNativeTests.xctest */,
			);
			name = Products;
			sourceTree = "<group>";
		};
		5EB11F1B1B9F8C8B006A710E /* VectorImageNative */ = {
			isa = PBXGroup;
			children = (
				5EB11F201B9F8C8B006A710E /* AppDelegate.h */,
				5EB11F211B9F8C8B006A710E /* AppDelegate.m */,
				5EB11F231B9F8C8B006A710E /* ViewController.h */,
				5EB11F241B9F8C8B006A710E /* ViewController.m */,
				5EB11F261B9F8C8B006A710E /* Main.storyboard */,
				5EB11F291B9F8C8B006A710E /* Images.xcassets */,
				5EB11F2B1B9F8C8B006A710E /* LaunchScreen.xib */,
				5EB11F1C1B9F8C8B006A710E /* Supporting Files */,
			);
			path = VectorImageNative;
			sourceTree = "<group>";
		};
		5EB11F1C1B9F8C8B006A710E /* Supporting Files */ = {
			isa = PBXGroup;
			children = (
				5EB11F1D1B9F8C8B006A710E /* Info.plist */,
				5EB11F1E1B9F8C8B006A710E /* main.m */,
			);
			name = "Supporting Files";
			sourceTree = "<group>";
		};
		5EB11F351B9F8C8B006A710E /* VectorImageNativeTests */ = {
			isa = PBXGroup;
			children = (
				5EB11F381B9F8C8B006A710E /* VectorImageNativeTests.m */,
				5EB11F361B9F8C8B006A710E /* Supporting Files */,
			);
			path = VectorImageNativeTests;
			sourceTree = "<group>";
		};
		5EB11F361B9F8C8B006A710E /* Supporting Files */ = {
			isa = PBXGroup;
			children = (
				5EB11F371B9F8C8B006A710E /* Info.plist */,
			);
			name = "Supporting Files";
			sourceTree = "<group>";
		};
/* End PBXGroup section */

/* Begin PBXNativeTarget section */
		5EB11F181B9F8C8B006A710E /* VectorImageNative */ = {
			isa = PBXNativeTarget;
			buildConfigurationList = 5EB11F3C1B9F8C8B006A710E /* Build configuration list for PBXNativeTarget "VectorImageNative" */;
			buildPhases = (
				5EB11F151B9F8C8B006A710E /* Sources */,
				5EB11F161B9F8C8B006A710E /* Frameworks */,
				5EB11F171B9F8C8B006A710E /* Resources */,
			);
			buildRules = (
			);
			dependencies = (
			);
			name = VectorImageNative;
			productName = VectorImageNative;
			productReference = 5EB11F191B9F8C8B006A710E /* VectorImageNative.app */;
			productType = "com.apple.product-type.application";
		};
		5EB11F311B9F8C8B006A710E /* VectorImageNativeTests */ = {
			isa = PBXNativeTarget;
			buildConfigurationList = 5EB11F3F1B9F8C8B006A710E /* Build configuration list for PBXNativeTarget "VectorImageNativeTests" */;
			buildPhases = (
				5EB11F2E1B9F8C8B006A710E /* Sources */,
				5EB11F2F1B9F8C8B006A710E /* Frameworks */,
				5EB11F301B9F8C8B006A710E /* Resources */,
			);
			buildRules = (
			);
			dependencies = (
				5EB11F341B9F8C8B006A710E /* PBXTargetDependency */,
			);
			name = VectorImageNativeTests;
			productName = VectorImageNativeTests;
			productReference = 5EB11F321B9F8C8B006A710E /* VectorImageNativeTests.xctest */;
			productType = "com.apple.product-type.bundle.unit-test";
		};
/* End PBXNativeTarget section */

/* Begin PBXProject section */
		5EB11F111B9F8C8B006A710E /* Project object */ = {
			isa = PBXProject;
			attributes = {
				LastUpgradeCheck = 0640;
				ORGANIZATIONNAME = Rustam;
				TargetAttributes = {
					5EB11F181B9F8C8B006A710E = {
						CreatedOnToolsVersion = 6.4;
					};
					5EB11F311B9F8C8B006A710E = {
						CreatedOnToolsVersion = 6.4;
						TestTargetID = 5EB11F181B9F8C8B006A710E;
					};
				};
			};
			buildConfigurationList = 5EB11F141B9F8C8B006A710E /* Build configuration list for PBXProject "VectorImageNative" */;
			compatibilityVersion = "Xcode 3.2";
			developmentRegion = English;
			hasScannedForEncodings = 0;
			knownRegions = (
				en,
				Base,
			);
			mainGroup = 5EB11F101B9F8C8B006A710E;
			productRefGroup = 5EB11F1A1B9F8C8B006A710E /* Products */;
			projectDirPath = "";
			projectRoot = "";
			targets = (
				5EB11F181B9F8C8B006A710E /* VectorImageNative */,
				5EB11F311B9F8C8B006A710E /* VectorImageNativeTests */,
			);
		};
/* End PBXProject section */

/* Begin PBXResourcesBuildPhase section */
		5EB11F171B9F8C8B006A710E /* Resources */ = {
			isa = PBXResourcesBuildPhase;
			buildActionMask = 2147483647;
			files = (
				5EB11F281B9F8C8B006A710E /* Main.storyboard in Resources */,
				5EB11F2D1B9F8C8B006A710E /* LaunchScreen.xib in Resources */,
				5EB11F2A1B9F8C8B006A710E /* Images.xcassets in Resources */,
			);
			runOnlyForDeploymentPostprocessing = 0;
		};
		5EB11F301B9F8C8B006A710E /* Resources */ = {
			isa = PBXResourcesBuildPhase;
			buildActionMask = 2147483647;
			files = (
			);
			runOnlyForDeploymentPostprocessing = 0;
		};
/* End PBXResourcesBuildPhase section */

/* Begin PBXSourcesBuildPhase section */
		5EB11F151B9F8C8B006A710E /* Sources */ = {
			isa = PBXSourcesBuildPhase;
			buildActionMask = 2147483647;
			files = (
				5EB11F251B9F8C8B006A710E /* ViewController.m in Sources */,
				5EB11F221B9F8C8B006A710E /* AppDelegate.m in Sources */,
				5EB11F1F1B9F8C8B006A710E /* main.m in Sources */,
			);
			runOnlyForDeploymentPostprocessing = 0;
		};
		5EB11F2E1B9F8C8B006A710E /* Sources */ = {
			isa = PBXSourcesBuildPhase;
			buildActionMask = 2147483647;
			files = (
				5EB11F391B9F8C8B006A710E /* VectorImageNativeTests.m in Sources */,
			);
			runOnlyForDeploymentPostprocessing = 0;
		};
/* End PBXSourcesBuildPhase section */

/* Begin PBXTargetDependency section */
		5EB11F341B9F8C8B006A710E /* PBXTargetDependency */ = {
			isa = PBXTargetDependency;
			target = 5EB11F181B9F8C8B006A710E /* VectorImageNative */;
			targetProxy = 5EB11F331B9F8C8B006A710E /* PBXContainerItemProxy */;
		};
/* End PBXTargetDependency section */

/* Begin PBXVariantGroup section */
		5EB11F261B9F8C8B006A710E /* Main.storyboard */ = {
			isa = PBXVariantGroup;
			children = (
				5EB11F271B9F8C8B006A710E /* Base */,
			);
			name = Main.storyboard;
			sourceTree = "<group>";
		};
		5EB11F2B1B9F8C8B006A710E /* LaunchScreen.xib */ = {
			isa = PBXVariantGroup;
			children = (
				5EB11F2C1B9F8C8B006A710E /* Base */,
			);
			name = LaunchScreen.xib;
			sourceTree = "<group>";
		};
/* End PBXVariantGroup section */

/* Begin XCBuildConfiguration section */
		5EB11F3A1B9F8C8B006A710E /* Debug */ = {
			isa = XCBuildConfiguration;
			buildSettings = {
				ALWAYS_SEARCH_USER_PATHS = NO;
				CLANG_CXX_LANGUAGE_STANDARD = "gnu++0x";
				CLANG_CXX_LIBRARY = "libc++";
				CLANG_ENABLE_MODULES = YES;
				CLANG_ENABLE_OBJC_ARC = YES;
				CLANG_WARN_BOOL_CONVERSION = YES;
				CLANG_WARN_CONSTANT_CONVERSION = YES;
				CLANG_WARN_DIRECT_OBJC_ISA_USAGE = YES_ERROR;
				CLANG_WARN_EMPTY_BODY = YES;
				CLANG_WARN_ENUM_CONVERSION = YES;
				CLANG_WARN_INT_CONVERSION = YES;
				CLANG_WARN_OBJC_ROOT_CLASS = YES_ERROR;
				CLANG_WARN_UNREACHABLE_CODE = YES;
				CLANG_WARN__DUPLICATE_METHOD_MATCH = YES;
				"CODE_SIGN_IDENTITY[sdk=iphoneos*]" = "iPhone Developer";
				COPY_PHASE_STRIP = NO;
				DEBUG_INFORMATION_FORMAT = "dwarf-with-dsym";
				ENABLE_STRICT_OBJC_MSGSEND = YES;
				GCC_C_LANGUAGE_STANDARD = gnu99;
				GCC_DYNAMIC_NO_PIC = NO;
				GCC_NO_COMMON_BLOCKS = YES;
				GCC_OPTIMIZATION_LEVEL = 0;
				GCC_PREPROCESSOR_DEFINITIONS = (
					"DEBUG=1",
					"$(inherited)",
				);
				GCC_SYMBOLS_PRIVATE_EXTERN = NO;
				GCC_WARN_64_TO_32_BIT_CONVERSION = YES;
				GCC_WARN_ABOUT_RETURN_TYPE = YES_ERROR;
				GCC_WARN_UNDECLARED_SELECTOR = YES;
				GCC_WARN_UNINITIALIZED_AUTOS = YES_AGGRESSIVE;
				GCC_WARN_UNUSED_FUNCTION = YES;
				GCC_WARN_UNUSED_VARIABLE = YES;
				IPHONEOS_DEPLOYMENT_TARGET = 8.4;
				MTL_ENABLE_DEBUG_INFO = YES;
				ONLY_ACTIVE_ARCH = YES;
				SDKROOT = iphoneos;
				TARGETED_DEVICE_FAMILY = "1,2";
			};
			name = Debug;
		};
		5EB11F3B1B9F8C8B006A710E /* Release */ = {
			isa = XCBuildConfiguration;
			buildSettings = {
				ALWAYS_SEARCH_USER_PATHS = NO;
				CLANG_CXX_LANGUAGE_STANDARD = "gnu++0x";
				CLANG_CXX_LIBRARY = "libc++";
				CLANG_ENABLE_MODULES = YES;
				CLANG_ENABLE_OBJC_ARC = YES;
				CLANG_WARN_BOOL_CONVERSION = YES;
				CLANG_WARN_CONSTANT_CONVERSION = YES;
				CLANG_WARN_DIRECT_OBJC_ISA_USAGE = YES_ERROR;
				CLANG_WARN_EMPTY_BODY = YES;
				CLANG_WARN_ENUM_CONVERSION = YES;
				CLANG_WARN_INT_CONVERSION = YES;
				CLANG_WARN_OBJC_ROOT_CLASS = YES_ERROR;
				CLANG_WARN_UNREACHABLE_CODE = YES;
				CLANG_WARN__DUPLICATE_METHOD_MATCH = YES;
				"CODE_SIGN_IDENTITY[sdk=iphoneos*]" = "iPhone Developer";
				COPY_PHASE_STRIP = NO;
				DEBUG_INFORMATION_FORMAT = "dwarf-with-dsym";
				ENABLE_NS_ASSERTIONS = NO;
				ENABLE_STRICT_OBJC_MSGSEND = YES;
				GCC_C_LANGUAGE_STANDARD = gnu99;
				GCC_NO_COMMON_BLOCKS = YES;
				GCC_WARN_64_TO_32_BIT_CONVERSION = YES;
				GCC_WARN_ABOUT_RETURN_TYPE = YES_ERROR;
				GCC_WARN_UNDECLARED_SELECTOR = YES;
				GCC_WARN_UNINITIALIZED_AUTOS = YES_AGGRESSIVE;
				GCC_WARN_UNUSED_FUNCTION = YES;
				GCC_WARN_UNUSED_VARIABLE = YES;
				IPHONEOS_DEPLOYMENT_TARGET = 8.4;
				MTL_ENABLE_DEBUG_INFO = NO;
				SDKROOT = iphoneos;
				TARGETED_DEVICE_FAMILY = "1,2";
				VALIDATE_PRODUCT = YES;
			};
			name = Release;
		};
		5EB11F3D1B9F8C8B006A710E /* Debug */ = {
			isa = XCBuildConfiguration;
			buildSettings = {
				ASSETCATALOG_COMPILER_APPICON_NAME = AppIcon;
				INFOPLIST_FILE = VectorImageNative/Info.plist;
				LD_RUNPATH_SEARCH_PATHS = "$(inherited) @executable_path/Frameworks";
				PRODUCT_NAME = "$(TARGET_NAME)";
			};
			name = Debug;
		};
		5EB11F3E1B9F8C8B006A710E /* Release */ = {
			isa = XCBuildConfiguration;
			buildSettings = {
				ASSETCATALOG_COMPILER_APPICON_NAME = AppIcon;
				INFOPLIST_FILE = VectorImageNative/Info.plist;
				LD_RUNPATH_SEARCH_PATHS = "$(inherited) @executable_path/Frameworks";
				PRODUCT_NAME = "$(TARGET_NAME)";
			};
			name = Release;
		};
		5EB11F401B9F8C8B006A710E /* Debug */ = {
			isa = XCBuildConfiguration;
			buildSettings = {
				BUNDLE_LOADER = "$(TEST_HOST)";
				FRAMEWORK_SEARCH_PATHS = (
					"$(SDKROOT)/Developer/Library/Frameworks",
					"$(inherited)",
				);
				GCC_PREPROCESSOR_DEFINITIONS = (
					"DEBUG=1",
					"$(inherited)",
				);
				INFOPLIST_FILE = VectorImageNativeTests/Info.plist;
				LD_RUNPATH_SEARCH_PATHS = "$(inherited) @executable_path/Frameworks @loader_path/Frameworks";
				PRODUCT_NAME = "$(TARGET_NAME)";
				TEST_HOST = "$(BUILT_PRODUCTS_DIR)/VectorImageNative.app/VectorImageNative";
			};
			name = Debug;
		};
		5EB11F411B9F8C8B006A710E /* Release */ = {
			isa = XCBuildConfiguration;
			buildSettings = {
				BUNDLE_LOADER = "$(TEST_HOST)";
				FRAMEWORK_SEARCH_PATHS = (
					"$(SDKROOT)/Developer/Library/Frameworks",
					"$(inherited)",
				);
				INFOPLIST_FILE = VectorImageNativeTests/Info.plist;
				LD_RUNPATH_SEARCH_PATHS = "$(inherited) @executable_path/Frameworks @loader_path/Frameworks";
				PRODUCT_NAME = "$(TARGET_NAME)";
				TEST_HOST = "$(BUILT_PRODUCTS_DIR)/VectorImageNative.app/VectorImageNative";
			};
			name = Release;
		};
/* End XCBuildConfiguration section */

/* Begin XCConfigurationList section */
		5EB11F141B9F8C8B006A710E /* Build configuration list for PBXProject "VectorImageNative" */ = {
			isa = XCConfigurationList;
			buildConfigurations = (
				5EB11F3A1B9F8C8B006A710E /* Debug */,
				5EB11F3B1B9F8C8B006A710E /* Release */,
			);
			defaultConfigurationIsVisible = 0;
			defaultConfigurationName = Release;
		};
		5EB11F3C1B9F8C8B006A710E /* Build configuration list for PBXNativeTarget "VectorImageNative" */ = {
			isa = XCConfigurationList;
			buildConfigurations = (
				5EB11F3D1B9F8C8B006A710E /* Debug */,
				5EB11F3E1B9F8C8B006A710E /* Release */,
			);
			defaultConfigurationIsVisible = 0;
		};
		5EB11F3F1B9F8C8B006A710E /* Build configuration list for PBXNativeTarget "VectorImageNativeTests" */ = {
			isa = XCConfigurationList;
			buildConfigurations = (
				5EB11F401B9F8C8B006A710E /* Debug */,
				5EB11F411B9F8C8B006A710E /* Release */,
			);
			defaultConfigurationIsVisible = 0;
		};
/* End XCConfigurationList section */
	};
	rootObject = 5EB11F111B9F8C8B006A710E /* Project object */;
}
