
Microsoft Visual Studio Solution File, Format Version 12.00
# Visual Studio 2012
Project("{FAE04EC0-301F-11D3-BF4B-00C04F79EFBC}") = "Issue40318", "Issue40318\Issue40318.csproj", "{7074B382-8277-4D5B-AF91-B5E4269C4905}"
EndProject
Global
	GlobalSection(SolutionConfigurationPlatforms) = preSolution
		Debug|iPhoneSimulator = Debug|iPhoneSimulator
		Release|iPhone = Release|iPhone
		Release|iPhoneSimulator = Release|iPhoneSimulator
		Debug|iPhone = Debug|iPhone
	EndGlobalSection
	GlobalSection(ProjectConfigurationPlatforms) = postSolution
		{7074B382-8277-4D5B-AF91-B5E4269C4905}.Debug|iPhoneSimulator.ActiveCfg = Debug|iPhoneSimulator
		{7074B382-8277-4D5B-AF91-B5E4269C4905}.Debug|iPhoneSimulator.Build.0 = Debug|iPhoneSimulator
		{7074B382-8277-4D5B-AF91-B5E4269C4905}.Release|iPhone.ActiveCfg = Release|iPhone
		{7074B382-8277-4D5B-AF91-B5E4269C4905}.Release|iPhone.Build.0 = Release|iPhone
		{7074B382-8277-4D5B-AF91-B5E4269C4905}.Release|iPhoneSimulator.ActiveCfg = Release|iPhoneSimulator
		{7074B382-8277-4D5B-AF91-B5E4269C4905}.Release|iPhoneSimulator.Build.0 = Release|iPhoneSimulator
		{7074B382-8277-4D5B-AF91-B5E4269C4905}.Debug|iPhone.ActiveCfg = Debug|iPhone
		{7074B382-8277-4D5B-AF91-B5E4269C4905}.Debug|iPhone.Build.0 = Debug|iPhone
	EndGlobalSection
EndGlobal
